
Microsoft Visual Studio Solution File, Format Version 12.00
# Visual Studio 14
VisualStudioVersion = 14.0.25420.1
MinimumVisualStudioVersion = 10.0.40219.1
Project("{8BC9CEB8-8B4A-11D0-8D11-00A0C91BC942}") = "01_helloworld", "01_helloworld\01_helloworld.vcxproj", "{DB8A676A-9B63-40FA-B495-3599A29FCF1F}"
EndProject
Project("{8BC9CEB8-8B4A-11D0-8D11-00A0C91BC942}") = "02_add", "02_add\02_add.vcxproj", "{49FD7F35-4F2F-4CCA-A1DE-A95AADAAE441}"
EndProject
Project("{8BC9CEB8-8B4A-11D0-8D11-00A0C91BC942}") = "03_deviceQuery", "03_deviceQuery\03_deviceQuery.vcxproj", "{9E3A884E-2D45-4ADC-8812-4F50ABB45187}"
EndProject
Project("{8BC9CEB8-8B4A-11D0-8D11-00A0C91BC942}") = "04_vectorAdd", "04_vectorAdd\04_vectorAdd.vcxproj", "{4ED1B297-5D16-461C-BC03-FDB0A5F8D3ED}"
EndProject
Project("{8BC9CEB8-8B4A-11D0-8D11-00A0C91BC942}") = "05_julia", "05_julia\05_julia.vcxproj", "{386C90ED-3DEB-4847-BA55-88324CE8DBFA}"
EndProject
Project("{8BC9CEB8-8B4A-11D0-8D11-00A0C91BC942}") = "06_ripple", "06_ripple\06_ripple.vcxproj", "{B431AAC8-F358-4131-A5E1-0407FEB29DBA}"
EndProject
Project("{8BC9CEB8-8B4A-11D0-8D11-00A0C91BC942}") = "07_dotProduct", "07_dotProduct\07_dotProduct.vcxproj", "{83D57596-001F-4B14-A75A-F8056C2BA821}"
EndProject
Project("{8BC9CEB8-8B4A-11D0-8D11-00A0C91BC942}") = "08_sharedBitmap", "08_sharedBitmap\08_sharedBitmap.vcxproj", "{27332A62-3D97-4EE6-A866-2ADCBD74BAD7}"
EndProject
Project("{8BC9CEB8-8B4A-11D0-8D11-00A0C91BC942}") = "09_ray", "09_ray\09_ray.vcxproj", "{37B35260-759F-4E8C-920D-9D0777475CE8}"
EndProject
Project("{8BC9CEB8-8B4A-11D0-8D11-00A0C91BC942}") = "10_heat", "10_heat\10_heat.vcxproj", "{96FA6FEF-A51B-4149-840C-9788AAF259D1}"
EndProject
Project("{8BC9CEB8-8B4A-11D0-8D11-00A0C91BC942}") = "11_interop", "11_interop\11_interop.vcxproj", "{A4CC1768-7304-4380-8449-11C4320AD117}"
EndProject
Project("{8BC9CEB8-8B4A-11D0-8D11-00A0C91BC942}") = "12_rippleGL", "12_rippleGL\12_rippleGL.vcxproj", "{DD993666-D4BA-489F-A285-9AA4C810F8C4}"
EndProject
Project("{8BC9CEB8-8B4A-11D0-8D11-00A0C91BC942}") = "13_heatGL", "13_heatGL\13_heatGL.vcxproj", "{19FF948B-EB93-430D-9B81-C2FF835CC8E3}"
EndProject
Project("{8BC9CEB8-8B4A-11D0-8D11-00A0C91BC942}") = "14_hist", "14_hist\14_hist.vcxproj", "{2311845F-85AD-42C0-90E7-528A5C00DCBB}"
EndProject
Project("{8BC9CEB8-8B4A-11D0-8D11-00A0C91BC942}") = "15_copyTimed", "15_copyTimed\15_copyTimed.vcxproj", "{4CB4B41E-5EC3-41B9-8ACC-65F0C23D864F}"
EndProject
Project("{8BC9CEB8-8B4A-11D0-8D11-00A0C91BC942}") = "16_singleStream", "16_singleStream\16_singleStream.vcxproj", "{05FC2D6F-021E-4A8C-B951-9AE663CF5C20}"
EndProject
Project("{8BC9CEB8-8B4A-11D0-8D11-00A0C91BC942}") = "17_doubleStream", "17_doubleStream\17_doubleStream.vcxproj", "{91C816FE-4344-4A44-9E0B-BF785CE390B8}"
EndProject
Project("{8BC9CEB8-8B4A-11D0-8D11-00A0C91BC942}") = "18_dotProductZeroCopy", "18_dotProductZeroCopy\18_dotProductZeroCopy.vcxproj", "{2FCD2739-9EEE-4A1F-B2A1-FF06497BE8AD}"
EndProject
Project("{8BC9CEB8-8B4A-11D0-8D11-00A0C91BC942}") = "19_dotProductAtomic", "19_dotProductAtomic\19_dotProductAtomic.vcxproj", "{7FB35D5C-F31C-4912-A47C-7B0F2D29C8E8}"
EndProject
Project("{8BC9CEB8-8B4A-11D0-8D11-00A0C91BC942}") = "20_hashTable", "20_hashTable\20_hashTable.vcxproj", "{F34B2B4A-D465-455D-AC39-3B71FF83D7FE}"
EndProject
Global
	GlobalSection(SolutionConfigurationPlatforms) = preSolution
		Debug|x64 = Debug|x64
		Debug|x86 = Debug|x86
		Release|x64 = Release|x64
		Release|x86 = Release|x86
	EndGlobalSection
	GlobalSection(ProjectConfigurationPlatforms) = postSolution
		{DB8A676A-9B63-40FA-B495-3599A29FCF1F}.Debug|x64.ActiveCfg = Debug|x64
		{DB8A676A-9B63-40FA-B495-3599A29FCF1F}.Debug|x64.Build.0 = Debug|x64
		{DB8A676A-9B63-40FA-B495-3599A29FCF1F}.Debug|x86.ActiveCfg = Debug|Win32
		{DB8A676A-9B63-40FA-B495-3599A29FCF1F}.Debug|x86.Build.0 = Debug|Win32
		{DB8A676A-9B63-40FA-B495-3599A29FCF1F}.Release|x64.ActiveCfg = Release|x64
		{DB8A676A-9B63-40FA-B495-3599A29FCF1F}.Release|x64.Build.0 = Release|x64
		{DB8A676A-9B63-40FA-B495-3599A29FCF1F}.Release|x86.ActiveCfg = Release|Win32
		{DB8A676A-9B63-40FA-B495-3599A29FCF1F}.Release|x86.Build.0 = Release|Win32
		{49FD7F35-4F2F-4CCA-A1DE-A95AADAAE441}.Debug|x64.ActiveCfg = Debug|x64
		{49FD7F35-4F2F-4CCA-A1DE-A95AADAAE441}.Debug|x64.Build.0 = Debug|x64
		{49FD7F35-4F2F-4CCA-A1DE-A95AADAAE441}.Debug|x86.ActiveCfg = Debug|Win32
		{49FD7F35-4F2F-4CCA-A1DE-A95AADAAE441}.Debug|x86.Build.0 = Debug|Win32
		{49FD7F35-4F2F-4CCA-A1DE-A95AADAAE441}.Release|x64.ActiveCfg = Release|x64
		{49FD7F35-4F2F-4CCA-A1DE-A95AADAAE441}.Release|x64.Build.0 = Release|x64
		{49FD7F35-4F2F-4CCA-A1DE-A95AADAAE441}.Release|x86.ActiveCfg = Release|Win32
		{49FD7F35-4F2F-4CCA-A1DE-A95AADAAE441}.Release|x86.Build.0 = Release|Win32
		{9E3A884E-2D45-4ADC-8812-4F50ABB45187}.Debug|x64.ActiveCfg = Debug|x64
		{9E3A884E-2D45-4ADC-8812-4F50ABB45187}.Debug|x64.Build.0 = Debug|x64
		{9E3A884E-2D45-4ADC-8812-4F50ABB45187}.Debug|x86.ActiveCfg = Debug|Win32
		{9E3A884E-2D45-4ADC-8812-4F50ABB45187}.Debug|x86.Build.0 = Debug|Win32
		{9E3A884E-2D45-4ADC-8812-4F50ABB45187}.Release|x64.ActiveCfg = Release|x64
		{9E3A884E-2D45-4ADC-8812-4F50ABB45187}.Release|x64.Build.0 = Release|x64
		{9E3A884E-2D45-4ADC-8812-4F50ABB45187}.Release|x86.ActiveCfg = Release|Win32
		{9E3A884E-2D45-4ADC-8812-4F50ABB45187}.Release|x86.Build.0 = Release|Win32
		{4ED1B297-5D16-461C-BC03-FDB0A5F8D3ED}.Debug|x64.ActiveCfg = Debug|x64
		{4ED1B297-5D16-461C-BC03-FDB0A5F8D3ED}.Debug|x64.Build.0 = Debug|x64
		{4ED1B297-5D16-461C-BC03-FDB0A5F8D3ED}.Debug|x86.ActiveCfg = Debug|Win32
		{4ED1B297-5D16-461C-BC03-FDB0A5F8D3ED}.Debug|x86.Build.0 = Debug|Win32
		{4ED1B297-5D16-461C-BC03-FDB0A5F8D3ED}.Release|x64.ActiveCfg = Release|x64
		{4ED1B297-5D16-461C-BC03-FDB0A5F8D3ED}.Release|x64.Build.0 = Release|x64
		{4ED1B297-5D16-461C-BC03-FDB0A5F8D3ED}.Release|x86.ActiveCfg = Release|Win32
		{4ED1B297-5D16-461C-BC03-FDB0A5F8D3ED}.Release|x86.Build.0 = Release|Win32
		{386C90ED-3DEB-4847-BA55-88324CE8DBFA}.Debug|x64.ActiveCfg = Debug|x64
		{386C90ED-3DEB-4847-BA55-88324CE8DBFA}.Debug|x64.Build.0 = Debug|x64
		{386C90ED-3DEB-4847-BA55-88324CE8DBFA}.Debug|x86.ActiveCfg = Debug|Win32
		{386C90ED-3DEB-4847-BA55-88324CE8DBFA}.Debug|x86.Build.0 = Debug|Win32
		{386C90ED-3DEB-4847-BA55-88324CE8DBFA}.Release|x64.ActiveCfg = Release|x64
		{386C90ED-3DEB-4847-BA55-88324CE8DBFA}.Release|x64.Build.0 = Release|x64
		{386C90ED-3DEB-4847-BA55-88324CE8DBFA}.Release|x86.ActiveCfg = Release|Win32
		{386C90ED-3DEB-4847-BA55-88324CE8DBFA}.Release|x86.Build.0 = Release|Win32
		{B431AAC8-F358-4131-A5E1-0407FEB29DBA}.Debug|x64.ActiveCfg = Debug|x64
		{B431AAC8-F358-4131-A5E1-0407FEB29DBA}.Debug|x64.Build.0 = Debug|x64
		{B431AAC8-F358-4131-A5E1-0407FEB29DBA}.Debug|x86.ActiveCfg = Debug|Win32
		{B431AAC8-F358-4131-A5E1-0407FEB29DBA}.Debug|x86.Build.0 = Debug|Win32
		{B431AAC8-F358-4131-A5E1-0407FEB29DBA}.Release|x64.ActiveCfg = Release|x64
		{B431AAC8-F358-4131-A5E1-0407FEB29DBA}.Release|x64.Build.0 = Release|x64
		{B431AAC8-F358-4131-A5E1-0407FEB29DBA}.Release|x86.ActiveCfg = Release|Win32
		{B431AAC8-F358-4131-A5E1-0407FEB29DBA}.Release|x86.Build.0 = Release|Win32
		{83D57596-001F-4B14-A75A-F8056C2BA821}.Debug|x64.ActiveCfg = Debug|x64
		{83D57596-001F-4B14-A75A-F8056C2BA821}.Debug|x64.Build.0 = Debug|x64
		{83D57596-001F-4B14-A75A-F8056C2BA821}.Debug|x86.ActiveCfg = Debug|Win32
		{83D57596-001F-4B14-A75A-F8056C2BA821}.Debug|x86.Build.0 = Debug|Win32
		{83D57596-001F-4B14-A75A-F8056C2BA821}.Release|x64.ActiveCfg = Release|x64
		{83D57596-001F-4B14-A75A-F8056C2BA821}.Release|x64.Build.0 = Release|x64
		{83D57596-001F-4B14-A75A-F8056C2BA821}.Release|x86.ActiveCfg = Release|Win32
		{83D57596-001F-4B14-A75A-F8056C2BA821}.Release|x86.Build.0 = Release|Win32
		{27332A62-3D97-4EE6-A866-2ADCBD74BAD7}.Debug|x64.ActiveCfg = Debug|x64
		{27332A62-3D97-4EE6-A866-2ADCBD74BAD7}.Debug|x64.Build.0 = Debug|x64
		{27332A62-3D97-4EE6-A866-2ADCBD74BAD7}.Debug|x86.ActiveCfg = Debug|Win32
		{27332A62-3D97-4EE6-A866-2ADCBD74BAD7}.Debug|x86.Build.0 = Debug|Win32
		{27332A62-3D97-4EE6-A866-2ADCBD74BAD7}.Release|x64.ActiveCfg = Release|x64
		{27332A62-3D97-4EE6-A866-2ADCBD74BAD7}.Release|x64.Build.0 = Release|x64
		{27332A62-3D97-4EE6-A866-2ADCBD74BAD7}.Release|x86.ActiveCfg = Release|Win32
		{27332A62-3D97-4EE6-A866-2ADCBD74BAD7}.Release|x86.Build.0 = Release|Win32
		{37B35260-759F-4E8C-920D-9D0777475CE8}.Debug|x64.ActiveCfg = Debug|x64
		{37B35260-759F-4E8C-920D-9D0777475CE8}.Debug|x64.Build.0 = Debug|x64
		{37B35260-759F-4E8C-920D-9D0777475CE8}.Debug|x86.ActiveCfg = Debug|Win32
		{37B35260-759F-4E8C-920D-9D0777475CE8}.Debug|x86.Build.0 = Debug|Win32
		{37B35260-759F-4E8C-920D-9D0777475CE8}.Release|x64.ActiveCfg = Release|x64
		{37B35260-759F-4E8C-920D-9D0777475CE8}.Release|x64.Build.0 = Release|x64
		{37B35260-759F-4E8C-920D-9D0777475CE8}.Release|x86.ActiveCfg = Release|Win32
		{37B35260-759F-4E8C-920D-9D0777475CE8}.Release|x86.Build.0 = Release|Win32
		{96FA6FEF-A51B-4149-840C-9788AAF259D1}.Debug|x64.ActiveCfg = Debug|x64
		{96FA6FEF-A51B-4149-840C-9788AAF259D1}.Debug|x64.Build.0 = Debug|x64
		{96FA6FEF-A51B-4149-840C-9788AAF259D1}.Debug|x86.ActiveCfg = Debug|Win32
		{96FA6FEF-A51B-4149-840C-9788AAF259D1}.Debug|x86.Build.0 = Debug|Win32
		{96FA6FEF-A51B-4149-840C-9788AAF259D1}.Release|x64.ActiveCfg = Release|x64
		{96FA6FEF-A51B-4149-840C-9788AAF259D1}.Release|x64.Build.0 = Release|x64
		{96FA6FEF-A51B-4149-840C-9788AAF259D1}.Release|x86.ActiveCfg = Release|Win32
		{96FA6FEF-A51B-4149-840C-9788AAF259D1}.Release|x86.Build.0 = Release|Win32
		{A4CC1768-7304-4380-8449-11C4320AD117}.Debug|x64.ActiveCfg = Debug|x64
		{A4CC1768-7304-4380-8449-11C4320AD117}.Debug|x64.Build.0 = Debug|x64
		{A4CC1768-7304-4380-8449-11C4320AD117}.Debug|x86.ActiveCfg = Debug|Win32
		{A4CC1768-7304-4380-8449-11C4320AD117}.Debug|x86.Build.0 = Debug|Win32
		{A4CC1768-7304-4380-8449-11C4320AD117}.Release|x64.ActiveCfg = Release|x64
		{A4CC1768-7304-4380-8449-11C4320AD117}.Release|x64.Build.0 = Release|x64
		{A4CC1768-7304-4380-8449-11C4320AD117}.Release|x86.ActiveCfg = Release|Win32
		{A4CC1768-7304-4380-8449-11C4320AD117}.Release|x86.Build.0 = Release|Win32
		{DD993666-D4BA-489F-A285-9AA4C810F8C4}.Debug|x64.ActiveCfg = Debug|x64
		{DD993666-D4BA-489F-A285-9AA4C810F8C4}.Debug|x64.Build.0 = Debug|x64
		{DD993666-D4BA-489F-A285-9AA4C810F8C4}.Debug|x86.ActiveCfg = Debug|Win32
		{DD993666-D4BA-489F-A285-9AA4C810F8C4}.Debug|x86.Build.0 = Debug|Win32
		{DD993666-D4BA-489F-A285-9AA4C810F8C4}.Release|x64.ActiveCfg = Release|x64
		{DD993666-D4BA-489F-A285-9AA4C810F8C4}.Release|x64.Build.0 = Release|x64
		{DD993666-D4BA-489F-A285-9AA4C810F8C4}.Release|x86.ActiveCfg = Release|Win32
		{DD993666-D4BA-489F-A285-9AA4C810F8C4}.Release|x86.Build.0 = Release|Win32
		{19FF948B-EB93-430D-9B81-C2FF835CC8E3}.Debug|x64.ActiveCfg = Debug|x64
		{19FF948B-EB93-430D-9B81-C2FF835CC8E3}.Debug|x64.Build.0 = Debug|x64
		{19FF948B-EB93-430D-9B81-C2FF835CC8E3}.Debug|x86.ActiveCfg = Debug|Win32
		{19FF948B-EB93-430D-9B81-C2FF835CC8E3}.Debug|x86.Build.0 = Debug|Win32
		{19FF948B-EB93-430D-9B81-C2FF835CC8E3}.Release|x64.ActiveCfg = Release|x64
		{19FF948B-EB93-430D-9B81-C2FF835CC8E3}.Release|x64.Build.0 = Release|x64
		{19FF948B-EB93-430D-9B81-C2FF835CC8E3}.Release|x86.ActiveCfg = Release|Win32
		{19FF948B-EB93-430D-9B81-C2FF835CC8E3}.Release|x86.Build.0 = Release|Win32
		{2311845F-85AD-42C0-90E7-528A5C00DCBB}.Debug|x64.ActiveCfg = Debug|x64
		{2311845F-85AD-42C0-90E7-528A5C00DCBB}.Debug|x64.Build.0 = Debug|x64
		{2311845F-85AD-42C0-90E7-528A5C00DCBB}.Debug|x86.ActiveCfg = Debug|Win32
		{2311845F-85AD-42C0-90E7-528A5C00DCBB}.Debug|x86.Build.0 = Debug|Win32
		{2311845F-85AD-42C0-90E7-528A5C00DCBB}.Release|x64.ActiveCfg = Release|x64
		{2311845F-85AD-42C0-90E7-528A5C00DCBB}.Release|x64.Build.0 = Release|x64
		{2311845F-85AD-42C0-90E7-528A5C00DCBB}.Release|x86.ActiveCfg = Release|Win32
		{2311845F-85AD-42C0-90E7-528A5C00DCBB}.Release|x86.Build.0 = Release|Win32
		{4CB4B41E-5EC3-41B9-8ACC-65F0C23D864F}.Debug|x64.ActiveCfg = Debug|x64
		{4CB4B41E-5EC3-41B9-8ACC-65F0C23D864F}.Debug|x64.Build.0 = Debug|x64
		{4CB4B41E-5EC3-41B9-8ACC-65F0C23D864F}.Debug|x86.ActiveCfg = Debug|Win32
		{4CB4B41E-5EC3-41B9-8ACC-65F0C23D864F}.Debug|x86.Build.0 = Debug|Win32
		{4CB4B41E-5EC3-41B9-8ACC-65F0C23D864F}.Release|x64.ActiveCfg = Release|x64
		{4CB4B41E-5EC3-41B9-8ACC-65F0C23D864F}.Release|x64.Build.0 = Release|x64
		{4CB4B41E-5EC3-41B9-8ACC-65F0C23D864F}.Release|x86.ActiveCfg = Release|Win32
		{4CB4B41E-5EC3-41B9-8ACC-65F0C23D864F}.Release|x86.Build.0 = Release|Win32
		{05FC2D6F-021E-4A8C-B951-9AE663CF5C20}.Debug|x64.ActiveCfg = Debug|x64
		{05FC2D6F-021E-4A8C-B951-9AE663CF5C20}.Debug|x64.Build.0 = Debug|x64
		{05FC2D6F-021E-4A8C-B951-9AE663CF5C20}.Debug|x86.ActiveCfg = Debug|Win32
		{05FC2D6F-021E-4A8C-B951-9AE663CF5C20}.Debug|x86.Build.0 = Debug|Win32
		{05FC2D6F-021E-4A8C-B951-9AE663CF5C20}.Release|x64.ActiveCfg = Release|x64
		{05FC2D6F-021E-4A8C-B951-9AE663CF5C20}.Release|x64.Build.0 = Release|x64
		{05FC2D6F-021E-4A8C-B951-9AE663CF5C20}.Release|x86.ActiveCfg = Release|Win32
		{05FC2D6F-021E-4A8C-B951-9AE663CF5C20}.Release|x86.Build.0 = Release|Win32
		{91C816FE-4344-4A44-9E0B-BF785CE390B8}.Debug|x64.ActiveCfg = Debug|x64
		{91C816FE-4344-4A44-9E0B-BF785CE390B8}.Debug|x64.Build.0 = Debug|x64
		{91C816FE-4344-4A44-9E0B-BF785CE390B8}.Debug|x86.ActiveCfg = Debug|Win32
		{91C816FE-4344-4A44-9E0B-BF785CE390B8}.Debug|x86.Build.0 = Debug|Win32
		{91C816FE-4344-4A44-9E0B-BF785CE390B8}.Release|x64.ActiveCfg = Release|x64
		{91C816FE-4344-4A44-9E0B-BF785CE390B8}.Release|x64.Build.0 = Release|x64
		{91C816FE-4344-4A44-9E0B-BF785CE390B8}.Release|x86.ActiveCfg = Release|Win32
		{91C816FE-4344-4A44-9E0B-BF785CE390B8}.Release|x86.Build.0 = Release|Win32
		{2FCD2739-9EEE-4A1F-B2A1-FF06497BE8AD}.Debug|x64.ActiveCfg = Debug|x64
		{2FCD2739-9EEE-4A1F-B2A1-FF06497BE8AD}.Debug|x64.Build.0 = Debug|x64
		{2FCD2739-9EEE-4A1F-B2A1-FF06497BE8AD}.Debug|x86.ActiveCfg = Debug|Win32
		{2FCD2739-9EEE-4A1F-B2A1-FF06497BE8AD}.Debug|x86.Build.0 = Debug|Win32
		{2FCD2739-9EEE-4A1F-B2A1-FF06497BE8AD}.Release|x64.ActiveCfg = Release|x64
		{2FCD2739-9EEE-4A1F-B2A1-FF06497BE8AD}.Release|x64.Build.0 = Release|x64
		{2FCD2739-9EEE-4A1F-B2A1-FF06497BE8AD}.Release|x86.ActiveCfg = Release|Win32
		{2FCD2739-9EEE-4A1F-B2A1-FF06497BE8AD}.Release|x86.Build.0 = Release|Win32
		{7FB35D5C-F31C-4912-A47C-7B0F2D29C8E8}.Debug|x64.ActiveCfg = Debug|x64
		{7FB35D5C-F31C-4912-A47C-7B0F2D29C8E8}.Debug|x64.Build.0 = Debug|x64
		{7FB35D5C-F31C-4912-A47C-7B0F2D29C8E8}.Debug|x86.ActiveCfg = Debug|Win32
		{7FB35D5C-F31C-4912-A47C-7B0F2D29C8E8}.Debug|x86.Build.0 = Debug|Win32
		{7FB35D5C-F31C-4912-A47C-7B0F2D29C8E8}.Release|x64.ActiveCfg = Release|x64
		{7FB35D5C-F31C-4912-A47C-7B0F2D29C8E8}.Release|x64.Build.0 = Release|x64
		{7FB35D5C-F31C-4912-A47C-7B0F2D29C8E8}.Release|x86.ActiveCfg = Release|Win32
		{7FB35D5C-F31C-4912-A47C-7B0F2D29C8E8}.Release|x86.Build.0 = Release|Win32
		{F34B2B4A-D465-455D-AC39-3B71FF83D7FE}.Debug|x64.ActiveCfg = Debug|x64
		{F34B2B4A-D465-455D-AC39-3B71FF83D7FE}.Debug|x64.Build.0 = Debug|x64
		{F34B2B4A-D465-455D-AC39-3B71FF83D7FE}.Debug|x86.ActiveCfg = Debug|Win32
		{F34B2B4A-D465-455D-AC39-3B71FF83D7FE}.Debug|x86.Build.0 = Debug|Win32
		{F34B2B4A-D465-455D-AC39-3B71FF83D7FE}.Release|x64.ActiveCfg = Release|x64
		{F34B2B4A-D465-455D-AC39-3B71FF83D7FE}.Release|x64.Build.0 = Release|x64
		{F34B2B4A-D465-455D-AC39-3B71FF83D7FE}.Release|x86.ActiveCfg = Release|Win32
		{F34B2B4A-D465-455D-AC39-3B71FF83D7FE}.Release|x86.Build.0 = Release|Win32
	EndGlobalSection
	GlobalSection(SolutionProperties) = preSolution
		HideSolutionNode = FALSE
	EndGlobalSection
EndGlobal
